
Microsoft Visual Studio Solution File, Format Version 12.00
# Visual Studio Version 16
VisualStudioVersion = 16.0.31005.135
MinimumVisualStudioVersion = 10.0.40219.1
Project("{FAE04EC0-301F-11D3-BF4B-00C04F79EFBC}") = "Marc-Gulliver-Profile", "Marc-Gulliver-Profile.csproj", "{CC2F9D11-BD2B-4482-B5E4-C09927A2A987}"
EndProject
Global
	GlobalSection(SolutionConfigurationPlatforms) = preSolution
		Debug|Any CPU = Debug|Any CPU
		Release|Any CPU = Release|Any CPU
	EndGlobalSection
	GlobalSection(ProjectConfigurationPlatforms) = postSolution
		{CC2F9D11-BD2B-4482-B5E4-C09927A2A987}.Debug|Any CPU.ActiveCfg = Debug|Any CPU
		{CC2F9D11-BD2B-4482-B5E4-C09927A2A987}.Debug|Any CPU.Build.0 = Debug|Any CPU
		{CC2F9D11-BD2B-4482-B5E4-C09927A2A987}.Release|Any CPU.ActiveCfg = Release|Any CPU
		{CC2F9D11-BD2B-4482-B5E4-C09927A2A987}.Release|Any CPU.Build.0 = Release|Any CPU
	EndGlobalSection
	GlobalSection(SolutionProperties) = preSolution
		HideSolutionNode = FALSE
	EndGlobalSection
	GlobalSection(ExtensibilityGlobals) = postSolution
		SolutionGuid = {90701169-0C19-4579-896A-2BDDBD84DCBD}
	EndGlobalSection
EndGlobal
